<?xml version="1.0" encoding="utf-8"?>
<Project ToolsVersion="4.0" xmlns="http://schemas.microsoft.com/developer/msbuild/2003">
  <ItemGroup>
    <Filter Include="Source Files">
      <UniqueIdentifier>{4FC737F1-C7A5-4376-A066-2A32D752A2FF}</UniqueIdentifier>
      <Extensions>cpp;c;cc;cxx;c++;cppm;ixx;def;odl;idl;hpj;bat;asm;asmx</Extensions>
    </Filter>
    <Filter Include="Header Files">
      <UniqueIdentifier>{93995380-89BD-4b04-88EB-625FBE52EBFB}</UniqueIdentifier>
      <Extensions>h;hh;hpp;hxx;h++;hm;inl;inc;ipp;xsd</Extensions>
    </Filter>
    <Filter Include="Resource Files">
      <UniqueIdentifier>{67DA6AB6-F800-4c08-8B7A-83BB121AAD01}</UniqueIdentifier>
      <Extensions>rc;ico;cur;bmp;dlg;rc2;rct;bin;rgs;gif;jpg;jpeg;jpe;resx;tiff;tif;png;wav;mfcribbon-ms</Extensions>
    </Filter>
  </ItemGroup>
  <ItemGroup>
    <ClCompile Include="src\main.cpp">
      <Filter>Source Files</Filter>
    </ClCompile>
    <ClCompile Include="src\App_window.cpp">
      <Filter>Source Files</Filter>
    </ClCompile>
    <ClCompile Include="src\Buffer.cpp">
      <Filter>Source Files</Filter>
    </ClCompile>
    <ClCompile Include="src\Mandelbrot_fractal_explorer.cpp">
      <Filter>Source Files</Filter>
    </ClCompile>
    <ClCompile Include="src\Writer.cpp">
      <Filter>Source Files</Filter>
    </ClCompile>
    <ClCompile Include="src\Mandelbrot_fractal_creator.cpp">
      <Filter>Source Files</Filter>
    </ClCompile>
    <ClCompile Include="src\Theme1.cpp">
      <Filter>Source Files</Filter>
    </ClCompile>
    <ClCompile Include="src\Theme2.cpp">
      <Filter>Source Files</Filter>
    </ClCompile>
    <ClCompile Include="src\File_save_dialog.cpp">
      <Filter>Source Files</Filter>
    </ClCompile>
    <ClCompile Include="src\Theme3.cpp">
      <Filter>Source Files</Filter>
    </ClCompile>
    <ClCompile Include="src\Fatal_error_handler.cpp">
      <Filter>Source Files</Filter>
    </ClCompile>
  </ItemGroup>
  <ItemGroup>
    <ClInclude Include="include\App_window.h">
      <Filter>Header Files</Filter>
    </ClInclude>
    <ClInclude Include="include\Buffer.h">
      <Filter>Header Files</Filter>
    </ClInclude>
    <ClInclude Include="include\Mandelbrot_fractal_explorer.h">
      <Filter>Header Files</Filter>
    </ClInclude>
    <ClInclude Include="include\Writer.h">
      <Filter>Header Files</Filter>
    </ClInclude>
    <ClInclude Include="include\Mandelbrot_fractal_creator.h">
      <Filter>Header Files</Filter>
    </ClInclude>
    <ClInclude Include="include\Base_palette.h">
      <Filter>Header Files</Filter>
    </ClInclude>
    <ClInclude Include="include\Theme1.h">
      <Filter>Header Files</Filter>
    </ClInclude>
    <ClInclude Include="include\Theme2.h">
      <Filter>Header Files</Filter>
    </ClInclude>
    <ClInclude Include="include\File_save_dialog.h">
      <Filter>Header Files</Filter>
    </ClInclude>
    <ClInclude Include="include\Base_app_window.h">
      <Filter>Header Files</Filter>
    </ClInclude>
    <ClInclude Include="include\Palette.h">
      <Filter>Header Files</Filter>
    </ClInclude>
    <ClInclude Include="include\Base_theme.h">
      <Filter>Header Files</Filter>
    </ClInclude>
    <ClInclude Include="include\Theme3.h">
      <Filter>Header Files</Filter>
    </ClInclude>
    <ClInclude Include="include\Error.h">
      <Filter>Header Files</Filter>
    </ClInclude>
    <ClInclude Include="include\Fatal_error_handler.h">
      <Filter>Header Files</Filter>
    </ClInclude>
    <ClInclude Include="resource\resource.h">
      <Filter>Header Files</Filter>
    </ClInclude>
  </ItemGroup>
  <ItemGroup>
    <Image Include="resource\mandelbrot.ico">
      <Filter>Resource Files</Filter>
    </Image>
  </ItemGroup>
  <ItemGroup>
    <ResourceCompile Include="resource\Mandelbrot_fractal_explorer.rc">
      <Filter>Resource Files</Filter>
    </ResourceCompile>
  </ItemGroup>
  <ItemGroup>
    <None Include="README.md" />
    <None Include="LICENSE" />
    <None Include=".gitignore" />
  </ItemGroup>
</Project>